
Microsoft Visual Studio Solution File, Format Version 12.00
# Visual Studio Version 17
VisualStudioVersion = 17.11.35327.3
MinimumVisualStudioVersion = 10.0.40219.1
Project("{8BC9CEB8-8B4A-11D0-8D11-00A0C91BC942}") = "2motorolio", "2motorolio.vcxproj", "{57954F26-9DD7-4E9B-B28D-4951670B75DD}"
EndProject
Project("{8BC9CEB8-8B4A-11D0-8D11-00A0C91BC942}") = "ConsoleApplication2", "ConsoleApplication2\ConsoleApplication2.vcxproj", "{FD9104AD-2132-4203-AA59-AA3A6DA6CC7E}"
EndProject
Global
	GlobalSection(SolutionConfigurationPlatforms) = preSolution
		Debug|ARM = Debug|ARM
		Debug|ARM64 = Debug|ARM64
		Release|ARM = Release|ARM
		Release|ARM64 = Release|ARM64
	EndGlobalSection
	GlobalSection(ProjectConfigurationPlatforms) = postSolution
		{57954F26-9DD7-4E9B-B28D-4951670B75DD}.Debug|ARM.ActiveCfg = Debug|ARM
		{57954F26-9DD7-4E9B-B28D-4951670B75DD}.Debug|ARM.Build.0 = Debug|ARM
		{57954F26-9DD7-4E9B-B28D-4951670B75DD}.Debug|ARM.Deploy.0 = Debug|ARM
		{57954F26-9DD7-4E9B-B28D-4951670B75DD}.Debug|ARM64.ActiveCfg = Debug|ARM64
		{57954F26-9DD7-4E9B-B28D-4951670B75DD}.Debug|ARM64.Build.0 = Debug|ARM64
		{57954F26-9DD7-4E9B-B28D-4951670B75DD}.Debug|ARM64.Deploy.0 = Debug|ARM64
		{57954F26-9DD7-4E9B-B28D-4951670B75DD}.Release|ARM.ActiveCfg = Release|ARM
		{57954F26-9DD7-4E9B-B28D-4951670B75DD}.Release|ARM.Build.0 = Release|ARM
		{57954F26-9DD7-4E9B-B28D-4951670B75DD}.Release|ARM.Deploy.0 = Release|ARM
		{57954F26-9DD7-4E9B-B28D-4951670B75DD}.Release|ARM64.ActiveCfg = Release|ARM64
		{57954F26-9DD7-4E9B-B28D-4951670B75DD}.Release|ARM64.Build.0 = Release|ARM64
		{57954F26-9DD7-4E9B-B28D-4951670B75DD}.Release|ARM64.Deploy.0 = Release|ARM64
		{FD9104AD-2132-4203-AA59-AA3A6DA6CC7E}.Debug|ARM.ActiveCfg = Debug|x64
		{FD9104AD-2132-4203-AA59-AA3A6DA6CC7E}.Debug|ARM.Build.0 = Debug|x64
		{FD9104AD-2132-4203-AA59-AA3A6DA6CC7E}.Debug|ARM64.ActiveCfg = Debug|x64
		{FD9104AD-2132-4203-AA59-AA3A6DA6CC7E}.Debug|ARM64.Build.0 = Debug|x64
		{FD9104AD-2132-4203-AA59-AA3A6DA6CC7E}.Release|ARM.ActiveCfg = Release|x64
		{FD9104AD-2132-4203-AA59-AA3A6DA6CC7E}.Release|ARM.Build.0 = Release|x64
		{FD9104AD-2132-4203-AA59-AA3A6DA6CC7E}.Release|ARM64.ActiveCfg = Release|x64
		{FD9104AD-2132-4203-AA59-AA3A6DA6CC7E}.Release|ARM64.Build.0 = Release|x64
	EndGlobalSection
	GlobalSection(SolutionProperties) = preSolution
		HideSolutionNode = FALSE
	EndGlobalSection
	GlobalSection(ExtensibilityGlobals) = postSolution
		SolutionGuid = {E70B2791-64B5-4651-9D29-6B64B9009353}
	EndGlobalSection
EndGlobal
